
Microsoft Visual Studio Solution File, Format Version 12.00
# Visual Studio Version 16
VisualStudioVersion = 16.0.29230.61
MinimumVisualStudioVersion = 10.0.40219.1
Project("{9A19103F-16F7-4668-BE54-9A1E7A4F7556}") = "PyScriptEngine", "PyScriptEngine\PyScriptEngine.csproj", "{838C8671-DE41-43E5-8F25-FF4CB35C3BDB}"
EndProject
Project("{C7167F0D-BC9F-4E6E-AFE1-012C56B48DB5}") = "PyScriptEnginePackage", "PyScriptEnginePackage\PyScriptEnginePackage.wapproj", "{B1E422E0-A331-4335-84DF-52359DC7C984}"
EndProject
Project("{C7167F0D-BC9F-4E6E-AFE1-012C56B48DB5}") = "NumberGuesserPackage", "NumberGuesserProject\NumberGuesserPackage.wapproj", "{EB7F1371-2CAB-413F-9820-4D28A5886025}"
EndProject
Global
	GlobalSection(SolutionConfigurationPlatforms) = preSolution
		Debug|x64 = Debug|x64
		Release|x64 = Release|x64
	EndGlobalSection
	GlobalSection(ProjectConfigurationPlatforms) = postSolution
		{838C8671-DE41-43E5-8F25-FF4CB35C3BDB}.Debug|x64.ActiveCfg = Debug|x64
		{838C8671-DE41-43E5-8F25-FF4CB35C3BDB}.Debug|x64.Build.0 = Debug|x64
		{838C8671-DE41-43E5-8F25-FF4CB35C3BDB}.Release|x64.ActiveCfg = Release|x64
		{838C8671-DE41-43E5-8F25-FF4CB35C3BDB}.Release|x64.Build.0 = Release|x64
		{B1E422E0-A331-4335-84DF-52359DC7C984}.Debug|x64.ActiveCfg = Debug|x64
		{B1E422E0-A331-4335-84DF-52359DC7C984}.Debug|x64.Build.0 = Debug|x64
		{B1E422E0-A331-4335-84DF-52359DC7C984}.Debug|x64.Deploy.0 = Debug|x64
		{B1E422E0-A331-4335-84DF-52359DC7C984}.Release|x64.ActiveCfg = Release|x64
		{B1E422E0-A331-4335-84DF-52359DC7C984}.Release|x64.Build.0 = Release|x64
		{B1E422E0-A331-4335-84DF-52359DC7C984}.Release|x64.Deploy.0 = Release|x64
		{EB7F1371-2CAB-413F-9820-4D28A5886025}.Debug|x64.ActiveCfg = Debug|x64
		{EB7F1371-2CAB-413F-9820-4D28A5886025}.Debug|x64.Build.0 = Debug|x64
		{EB7F1371-2CAB-413F-9820-4D28A5886025}.Debug|x64.Deploy.0 = Debug|x64
		{EB7F1371-2CAB-413F-9820-4D28A5886025}.Release|x64.ActiveCfg = Release|x64
		{EB7F1371-2CAB-413F-9820-4D28A5886025}.Release|x64.Build.0 = Release|x64
		{EB7F1371-2CAB-413F-9820-4D28A5886025}.Release|x64.Deploy.0 = Release|x64
	EndGlobalSection
	GlobalSection(SolutionProperties) = preSolution
		HideSolutionNode = FALSE
	EndGlobalSection
	GlobalSection(ExtensibilityGlobals) = postSolution
		SolutionGuid = {0CB4A2BB-1452-4E0C-880C-CB5BCF2987F5}
	EndGlobalSection
EndGlobal
