
Microsoft Visual Studio Solution File, Format Version 12.00
# Visual Studio Version 16
VisualStudioVersion = 16.0.29613.14
MinimumVisualStudioVersion = 10.0.40219.1
Project("{FAE04EC0-301F-11D3-BF4B-00C04F79EFBC}") = "WinformsToastHost", "WinformsToastHost\WinformsToastHost.csproj", "{3BB07018-D2B8-4325-842B-CB6B70387459}"
EndProject
Project("{C7167F0D-BC9F-4E6E-AFE1-012C56B48DB5}") = "WinformsToastHost.Package", "WinformsToastHost.Package\WinformsToastHost.Package.wapproj", "{6A064380-2B6F-410A-89F3-64F484FA461A}"
EndProject
Project("{C7167F0D-BC9F-4E6E-AFE1-012C56B48DB5}") = "HostedExtension", "HostedExtension\HostedExtension.wapproj", "{E122B9A1-3317-458A-8535-9CCB8C151CE6}"
	ProjectSection(ProjectDependencies) = postProject
		{4B2D1B9B-7170-4756-A689-CAF847997480} = {4B2D1B9B-7170-4756-A689-CAF847997480}
	EndProjectSection
EndProject
Project("{FAE04EC0-301F-11D3-BF4B-00C04F79EFBC}") = "MyExtension", "MyExtension\MyExtension.csproj", "{4B2D1B9B-7170-4756-A689-CAF847997480}"
EndProject
Global
	GlobalSection(SolutionConfigurationPlatforms) = preSolution
		Debug|Any CPU = Debug|Any CPU
		Debug|ARM = Debug|ARM
		Debug|ARM64 = Debug|ARM64
		Debug|x64 = Debug|x64
		Debug|x86 = Debug|x86
		Release|Any CPU = Release|Any CPU
		Release|ARM = Release|ARM
		Release|ARM64 = Release|ARM64
		Release|x64 = Release|x64
		Release|x86 = Release|x86
	EndGlobalSection
	GlobalSection(ProjectConfigurationPlatforms) = postSolution
		{3BB07018-D2B8-4325-842B-CB6B70387459}.Debug|Any CPU.ActiveCfg = Debug|Any CPU
		{3BB07018-D2B8-4325-842B-CB6B70387459}.Debug|Any CPU.Build.0 = Debug|Any CPU
		{3BB07018-D2B8-4325-842B-CB6B70387459}.Debug|ARM.ActiveCfg = Debug|Any CPU
		{3BB07018-D2B8-4325-842B-CB6B70387459}.Debug|ARM.Build.0 = Debug|Any CPU
		{3BB07018-D2B8-4325-842B-CB6B70387459}.Debug|ARM64.ActiveCfg = Debug|Any CPU
		{3BB07018-D2B8-4325-842B-CB6B70387459}.Debug|ARM64.Build.0 = Debug|Any CPU
		{3BB07018-D2B8-4325-842B-CB6B70387459}.Debug|x64.ActiveCfg = Debug|Any CPU
		{3BB07018-D2B8-4325-842B-CB6B70387459}.Debug|x64.Build.0 = Debug|Any CPU
		{3BB07018-D2B8-4325-842B-CB6B70387459}.Debug|x86.ActiveCfg = Debug|Any CPU
		{3BB07018-D2B8-4325-842B-CB6B70387459}.Debug|x86.Build.0 = Debug|Any CPU
		{3BB07018-D2B8-4325-842B-CB6B70387459}.Release|Any CPU.ActiveCfg = Release|Any CPU
		{3BB07018-D2B8-4325-842B-CB6B70387459}.Release|Any CPU.Build.0 = Release|Any CPU
		{3BB07018-D2B8-4325-842B-CB6B70387459}.Release|ARM.ActiveCfg = Release|Any CPU
		{3BB07018-D2B8-4325-842B-CB6B70387459}.Release|ARM.Build.0 = Release|Any CPU
		{3BB07018-D2B8-4325-842B-CB6B70387459}.Release|ARM64.ActiveCfg = Release|Any CPU
		{3BB07018-D2B8-4325-842B-CB6B70387459}.Release|ARM64.Build.0 = Release|Any CPU
		{3BB07018-D2B8-4325-842B-CB6B70387459}.Release|x64.ActiveCfg = Release|Any CPU
		{3BB07018-D2B8-4325-842B-CB6B70387459}.Release|x64.Build.0 = Release|Any CPU
		{3BB07018-D2B8-4325-842B-CB6B70387459}.Release|x86.ActiveCfg = Release|Any CPU
		{3BB07018-D2B8-4325-842B-CB6B70387459}.Release|x86.Build.0 = Release|Any CPU
		{6A064380-2B6F-410A-89F3-64F484FA461A}.Debug|Any CPU.ActiveCfg = Debug|Any CPU
		{6A064380-2B6F-410A-89F3-64F484FA461A}.Debug|Any CPU.Build.0 = Debug|Any CPU
		{6A064380-2B6F-410A-89F3-64F484FA461A}.Debug|Any CPU.Deploy.0 = Debug|Any CPU
		{6A064380-2B6F-410A-89F3-64F484FA461A}.Debug|ARM.ActiveCfg = Debug|ARM
		{6A064380-2B6F-410A-89F3-64F484FA461A}.Debug|ARM.Build.0 = Debug|ARM
		{6A064380-2B6F-410A-89F3-64F484FA461A}.Debug|ARM.Deploy.0 = Debug|ARM
		{6A064380-2B6F-410A-89F3-64F484FA461A}.Debug|ARM64.ActiveCfg = Debug|ARM64
		{6A064380-2B6F-410A-89F3-64F484FA461A}.Debug|ARM64.Build.0 = Debug|ARM64
		{6A064380-2B6F-410A-89F3-64F484FA461A}.Debug|ARM64.Deploy.0 = Debug|ARM64
		{6A064380-2B6F-410A-89F3-64F484FA461A}.Debug|x64.ActiveCfg = Debug|x64
		{6A064380-2B6F-410A-89F3-64F484FA461A}.Debug|x64.Build.0 = Debug|x64
		{6A064380-2B6F-410A-89F3-64F484FA461A}.Debug|x64.Deploy.0 = Debug|x64
		{6A064380-2B6F-410A-89F3-64F484FA461A}.Debug|x86.ActiveCfg = Debug|x86
		{6A064380-2B6F-410A-89F3-64F484FA461A}.Debug|x86.Build.0 = Debug|x86
		{6A064380-2B6F-410A-89F3-64F484FA461A}.Debug|x86.Deploy.0 = Debug|x86
		{6A064380-2B6F-410A-89F3-64F484FA461A}.Release|Any CPU.ActiveCfg = Release|Any CPU
		{6A064380-2B6F-410A-89F3-64F484FA461A}.Release|Any CPU.Build.0 = Release|Any CPU
		{6A064380-2B6F-410A-89F3-64F484FA461A}.Release|Any CPU.Deploy.0 = Release|Any CPU
		{6A064380-2B6F-410A-89F3-64F484FA461A}.Release|ARM.ActiveCfg = Release|ARM
		{6A064380-2B6F-410A-89F3-64F484FA461A}.Release|ARM.Build.0 = Release|ARM
		{6A064380-2B6F-410A-89F3-64F484FA461A}.Release|ARM.Deploy.0 = Release|ARM
		{6A064380-2B6F-410A-89F3-64F484FA461A}.Release|ARM64.ActiveCfg = Release|ARM64
		{6A064380-2B6F-410A-89F3-64F484FA461A}.Release|ARM64.Build.0 = Release|ARM64
		{6A064380-2B6F-410A-89F3-64F484FA461A}.Release|ARM64.Deploy.0 = Release|ARM64
		{6A064380-2B6F-410A-89F3-64F484FA461A}.Release|x64.ActiveCfg = Release|x64
		{6A064380-2B6F-410A-89F3-64F484FA461A}.Release|x64.Build.0 = Release|x64
		{6A064380-2B6F-410A-89F3-64F484FA461A}.Release|x64.Deploy.0 = Release|x64
		{6A064380-2B6F-410A-89F3-64F484FA461A}.Release|x86.ActiveCfg = Release|x86
		{6A064380-2B6F-410A-89F3-64F484FA461A}.Release|x86.Build.0 = Release|x86
		{6A064380-2B6F-410A-89F3-64F484FA461A}.Release|x86.Deploy.0 = Release|x86
		{E122B9A1-3317-458A-8535-9CCB8C151CE6}.Debug|Any CPU.ActiveCfg = Debug|Any CPU
		{E122B9A1-3317-458A-8535-9CCB8C151CE6}.Debug|Any CPU.Build.0 = Debug|Any CPU
		{E122B9A1-3317-458A-8535-9CCB8C151CE6}.Debug|Any CPU.Deploy.0 = Debug|Any CPU
		{E122B9A1-3317-458A-8535-9CCB8C151CE6}.Debug|ARM.ActiveCfg = Debug|ARM
		{E122B9A1-3317-458A-8535-9CCB8C151CE6}.Debug|ARM.Build.0 = Debug|ARM
		{E122B9A1-3317-458A-8535-9CCB8C151CE6}.Debug|ARM.Deploy.0 = Debug|ARM
		{E122B9A1-3317-458A-8535-9CCB8C151CE6}.Debug|ARM64.ActiveCfg = Debug|ARM64
		{E122B9A1-3317-458A-8535-9CCB8C151CE6}.Debug|ARM64.Build.0 = Debug|ARM64
		{E122B9A1-3317-458A-8535-9CCB8C151CE6}.Debug|ARM64.Deploy.0 = Debug|ARM64
		{E122B9A1-3317-458A-8535-9CCB8C151CE6}.Debug|x64.ActiveCfg = Debug|x64
		{E122B9A1-3317-458A-8535-9CCB8C151CE6}.Debug|x64.Build.0 = Debug|x64
		{E122B9A1-3317-458A-8535-9CCB8C151CE6}.Debug|x64.Deploy.0 = Debug|x64
		{E122B9A1-3317-458A-8535-9CCB8C151CE6}.Debug|x86.ActiveCfg = Debug|x86
		{E122B9A1-3317-458A-8535-9CCB8C151CE6}.Debug|x86.Build.0 = Debug|x86
		{E122B9A1-3317-458A-8535-9CCB8C151CE6}.Debug|x86.Deploy.0 = Debug|x86
		{E122B9A1-3317-458A-8535-9CCB8C151CE6}.Release|Any CPU.ActiveCfg = Release|Any CPU
		{E122B9A1-3317-458A-8535-9CCB8C151CE6}.Release|Any CPU.Build.0 = Release|Any CPU
		{E122B9A1-3317-458A-8535-9CCB8C151CE6}.Release|Any CPU.Deploy.0 = Release|Any CPU
		{E122B9A1-3317-458A-8535-9CCB8C151CE6}.Release|ARM.ActiveCfg = Release|ARM
		{E122B9A1-3317-458A-8535-9CCB8C151CE6}.Release|ARM.Build.0 = Release|ARM
		{E122B9A1-3317-458A-8535-9CCB8C151CE6}.Release|ARM.Deploy.0 = Release|ARM
		{E122B9A1-3317-458A-8535-9CCB8C151CE6}.Release|ARM64.ActiveCfg = Release|ARM64
		{E122B9A1-3317-458A-8535-9CCB8C151CE6}.Release|ARM64.Build.0 = Release|ARM64
		{E122B9A1-3317-458A-8535-9CCB8C151CE6}.Release|ARM64.Deploy.0 = Release|ARM64
		{E122B9A1-3317-458A-8535-9CCB8C151CE6}.Release|x64.ActiveCfg = Release|x64
		{E122B9A1-3317-458A-8535-9CCB8C151CE6}.Release|x64.Build.0 = Release|x64
		{E122B9A1-3317-458A-8535-9CCB8C151CE6}.Release|x64.Deploy.0 = Release|x64
		{E122B9A1-3317-458A-8535-9CCB8C151CE6}.Release|x86.ActiveCfg = Release|x86
		{E122B9A1-3317-458A-8535-9CCB8C151CE6}.Release|x86.Build.0 = Release|x86
		{E122B9A1-3317-458A-8535-9CCB8C151CE6}.Release|x86.Deploy.0 = Release|x86
		{4B2D1B9B-7170-4756-A689-CAF847997480}.Debug|Any CPU.ActiveCfg = Debug|Any CPU
		{4B2D1B9B-7170-4756-A689-CAF847997480}.Debug|Any CPU.Build.0 = Debug|Any CPU
		{4B2D1B9B-7170-4756-A689-CAF847997480}.Debug|ARM.ActiveCfg = Debug|Any CPU
		{4B2D1B9B-7170-4756-A689-CAF847997480}.Debug|ARM.Build.0 = Debug|Any CPU
		{4B2D1B9B-7170-4756-A689-CAF847997480}.Debug|ARM64.ActiveCfg = Debug|Any CPU
		{4B2D1B9B-7170-4756-A689-CAF847997480}.Debug|ARM64.Build.0 = Debug|Any CPU
		{4B2D1B9B-7170-4756-A689-CAF847997480}.Debug|x64.ActiveCfg = Debug|Any CPU
		{4B2D1B9B-7170-4756-A689-CAF847997480}.Debug|x64.Build.0 = Debug|Any CPU
		{4B2D1B9B-7170-4756-A689-CAF847997480}.Debug|x86.ActiveCfg = Debug|Any CPU
		{4B2D1B9B-7170-4756-A689-CAF847997480}.Debug|x86.Build.0 = Debug|Any CPU
		{4B2D1B9B-7170-4756-A689-CAF847997480}.Release|Any CPU.ActiveCfg = Release|Any CPU
		{4B2D1B9B-7170-4756-A689-CAF847997480}.Release|Any CPU.Build.0 = Release|Any CPU
		{4B2D1B9B-7170-4756-A689-CAF847997480}.Release|ARM.ActiveCfg = Release|Any CPU
		{4B2D1B9B-7170-4756-A689-CAF847997480}.Release|ARM.Build.0 = Release|Any CPU
		{4B2D1B9B-7170-4756-A689-CAF847997480}.Release|ARM64.ActiveCfg = Release|Any CPU
		{4B2D1B9B-7170-4756-A689-CAF847997480}.Release|ARM64.Build.0 = Release|Any CPU
		{4B2D1B9B-7170-4756-A689-CAF847997480}.Release|x64.ActiveCfg = Release|Any CPU
		{4B2D1B9B-7170-4756-A689-CAF847997480}.Release|x64.Build.0 = Release|Any CPU
		{4B2D1B9B-7170-4756-A689-CAF847997480}.Release|x86.ActiveCfg = Release|Any CPU
		{4B2D1B9B-7170-4756-A689-CAF847997480}.Release|x86.Build.0 = Release|Any CPU
	EndGlobalSection
	GlobalSection(SolutionProperties) = preSolution
		HideSolutionNode = FALSE
	EndGlobalSection
	GlobalSection(ExtensibilityGlobals) = postSolution
		SolutionGuid = {034700F0-3C56-4960-BAD6-4E560E4F1D70}
	EndGlobalSection
EndGlobal
