
Microsoft Visual Studio Solution File, Format Version 12.00
# Visual Studio 15
VisualStudioVersion = 15.0.27130.2024
MinimumVisualStudioVersion = 10.0.40219.1
Project("{FAE04EC0-301F-11D3-BF4B-00C04F79EFBC}") = "CmdLineFileBrowser", "CmdLineFileBrowser\CmdLineFileBrowser.csproj", "{98CD7CD4-9F96-49EC-8D3C-1E8791673D7C}"
EndProject
Global
	GlobalSection(SolutionConfigurationPlatforms) = preSolution
		Debug|ARM = Debug|ARM
		Debug|x64 = Debug|x64
		Debug|x86 = Debug|x86
		Release|ARM = Release|ARM
		Release|x64 = Release|x64
		Release|x86 = Release|x86
	EndGlobalSection
	GlobalSection(ProjectConfigurationPlatforms) = postSolution
		{98CD7CD4-9F96-49EC-8D3C-1E8791673D7C}.Debug|ARM.ActiveCfg = Debug|ARM
		{98CD7CD4-9F96-49EC-8D3C-1E8791673D7C}.Debug|ARM.Build.0 = Debug|ARM
		{98CD7CD4-9F96-49EC-8D3C-1E8791673D7C}.Debug|ARM.Deploy.0 = Debug|ARM
		{98CD7CD4-9F96-49EC-8D3C-1E8791673D7C}.Debug|x64.ActiveCfg = Debug|x64
		{98CD7CD4-9F96-49EC-8D3C-1E8791673D7C}.Debug|x64.Build.0 = Debug|x64
		{98CD7CD4-9F96-49EC-8D3C-1E8791673D7C}.Debug|x64.Deploy.0 = Debug|x64
		{98CD7CD4-9F96-49EC-8D3C-1E8791673D7C}.Debug|x86.ActiveCfg = Debug|x86
		{98CD7CD4-9F96-49EC-8D3C-1E8791673D7C}.Debug|x86.Build.0 = Debug|x86
		{98CD7CD4-9F96-49EC-8D3C-1E8791673D7C}.Debug|x86.Deploy.0 = Debug|x86
		{98CD7CD4-9F96-49EC-8D3C-1E8791673D7C}.Release|ARM.ActiveCfg = Release|ARM
		{98CD7CD4-9F96-49EC-8D3C-1E8791673D7C}.Release|ARM.Build.0 = Release|ARM
		{98CD7CD4-9F96-49EC-8D3C-1E8791673D7C}.Release|ARM.Deploy.0 = Release|ARM
		{98CD7CD4-9F96-49EC-8D3C-1E8791673D7C}.Release|x64.ActiveCfg = Release|x64
		{98CD7CD4-9F96-49EC-8D3C-1E8791673D7C}.Release|x64.Build.0 = Release|x64
		{98CD7CD4-9F96-49EC-8D3C-1E8791673D7C}.Release|x64.Deploy.0 = Release|x64
		{98CD7CD4-9F96-49EC-8D3C-1E8791673D7C}.Release|x86.ActiveCfg = Release|x86
		{98CD7CD4-9F96-49EC-8D3C-1E8791673D7C}.Release|x86.Build.0 = Release|x86
		{98CD7CD4-9F96-49EC-8D3C-1E8791673D7C}.Release|x86.Deploy.0 = Release|x86
	EndGlobalSection
	GlobalSection(SolutionProperties) = preSolution
		HideSolutionNode = FALSE
	EndGlobalSection
	GlobalSection(ExtensibilityGlobals) = postSolution
		SolutionGuid = {C1CECC0B-C470-4369-A8D1-86E42E396D2C}
	EndGlobalSection
EndGlobal
